
Microsoft Visual Studio Solution File, Format Version 12.00
# Visual Studio 2012
Project("{FAE04EC0-301F-11D3-BF4B-00C04F79EFBC}") = "DevTalkMobile", "DevTalkMobile\DevTalkMobile.csproj", "{CFE13D83-3C4F-454F-9C21-4A97727D6B90}"
EndProject
Project("{FAE04EC0-301F-11D3-BF4B-00C04F79EFBC}") = "DevTalkMobile.iOS", "iOS\DevTalkMobile.iOS.csproj", "{DBD42606-FE20-4E90-9556-B6206EC9805F}"
EndProject
Project("{FAE04EC0-301F-11D3-BF4B-00C04F79EFBC}") = "DevTalkMobile.Droid", "Droid\DevTalkMobile.Droid.csproj", "{1C3450C3-4796-4B7D-B645-47090C49A197}"
EndProject
Global
	GlobalSection(SolutionConfigurationPlatforms) = preSolution
		Debug|Any CPU = Debug|Any CPU
		Release|Any CPU = Release|Any CPU
		Debug|iPhoneSimulator = Debug|iPhoneSimulator
		Release|iPhoneSimulator = Release|iPhoneSimulator
		Debug|iPhone = Debug|iPhone
		Release|iPhone = Release|iPhone
		Ad-Hoc|iPhone = Ad-Hoc|iPhone
		AppStore|iPhone = AppStore|iPhone
	EndGlobalSection
	GlobalSection(ProjectConfigurationPlatforms) = postSolution
		{1C3450C3-4796-4B7D-B645-47090C49A197}.Ad-Hoc|iPhone.ActiveCfg = Release|Any CPU
		{1C3450C3-4796-4B7D-B645-47090C49A197}.Ad-Hoc|iPhone.Build.0 = Release|Any CPU
		{1C3450C3-4796-4B7D-B645-47090C49A197}.AppStore|iPhone.ActiveCfg = Release|Any CPU
		{1C3450C3-4796-4B7D-B645-47090C49A197}.AppStore|iPhone.Build.0 = Release|Any CPU
		{1C3450C3-4796-4B7D-B645-47090C49A197}.Debug|Any CPU.ActiveCfg = Debug|Any CPU
		{1C3450C3-4796-4B7D-B645-47090C49A197}.Debug|Any CPU.Build.0 = Debug|Any CPU
		{1C3450C3-4796-4B7D-B645-47090C49A197}.Debug|iPhone.ActiveCfg = Debug|Any CPU
		{1C3450C3-4796-4B7D-B645-47090C49A197}.Debug|iPhone.Build.0 = Debug|Any CPU
		{1C3450C3-4796-4B7D-B645-47090C49A197}.Debug|iPhoneSimulator.ActiveCfg = Debug|Any CPU
		{1C3450C3-4796-4B7D-B645-47090C49A197}.Debug|iPhoneSimulator.Build.0 = Debug|Any CPU
		{1C3450C3-4796-4B7D-B645-47090C49A197}.Release|Any CPU.ActiveCfg = Release|Any CPU
		{1C3450C3-4796-4B7D-B645-47090C49A197}.Release|Any CPU.Build.0 = Release|Any CPU
		{1C3450C3-4796-4B7D-B645-47090C49A197}.Release|iPhone.ActiveCfg = Release|Any CPU
		{1C3450C3-4796-4B7D-B645-47090C49A197}.Release|iPhone.Build.0 = Release|Any CPU
		{1C3450C3-4796-4B7D-B645-47090C49A197}.Release|iPhoneSimulator.ActiveCfg = Release|Any CPU
		{1C3450C3-4796-4B7D-B645-47090C49A197}.Release|iPhoneSimulator.Build.0 = Release|Any CPU
		{CFE13D83-3C4F-454F-9C21-4A97727D6B90}.Ad-Hoc|iPhone.ActiveCfg = Debug|Any CPU
		{CFE13D83-3C4F-454F-9C21-4A97727D6B90}.Ad-Hoc|iPhone.Build.0 = Debug|Any CPU
		{CFE13D83-3C4F-454F-9C21-4A97727D6B90}.AppStore|iPhone.ActiveCfg = Debug|Any CPU
		{CFE13D83-3C4F-454F-9C21-4A97727D6B90}.AppStore|iPhone.Build.0 = Debug|Any CPU
		{CFE13D83-3C4F-454F-9C21-4A97727D6B90}.Debug|Any CPU.ActiveCfg = Debug|Any CPU
		{CFE13D83-3C4F-454F-9C21-4A97727D6B90}.Debug|Any CPU.Build.0 = Debug|Any CPU
		{CFE13D83-3C4F-454F-9C21-4A97727D6B90}.Debug|iPhone.ActiveCfg = Debug|Any CPU
		{CFE13D83-3C4F-454F-9C21-4A97727D6B90}.Debug|iPhone.Build.0 = Debug|Any CPU
		{CFE13D83-3C4F-454F-9C21-4A97727D6B90}.Debug|iPhoneSimulator.ActiveCfg = Debug|Any CPU
		{CFE13D83-3C4F-454F-9C21-4A97727D6B90}.Debug|iPhoneSimulator.Build.0 = Debug|Any CPU
		{CFE13D83-3C4F-454F-9C21-4A97727D6B90}.Release|Any CPU.ActiveCfg = Release|Any CPU
		{CFE13D83-3C4F-454F-9C21-4A97727D6B90}.Release|Any CPU.Build.0 = Release|Any CPU
		{CFE13D83-3C4F-454F-9C21-4A97727D6B90}.Release|iPhone.ActiveCfg = Release|Any CPU
		{CFE13D83-3C4F-454F-9C21-4A97727D6B90}.Release|iPhone.Build.0 = Release|Any CPU
		{CFE13D83-3C4F-454F-9C21-4A97727D6B90}.Release|iPhoneSimulator.ActiveCfg = Release|Any CPU
		{CFE13D83-3C4F-454F-9C21-4A97727D6B90}.Release|iPhoneSimulator.Build.0 = Release|Any CPU
		{DBD42606-FE20-4E90-9556-B6206EC9805F}.Ad-Hoc|iPhone.ActiveCfg = Ad-Hoc|iPhone
		{DBD42606-FE20-4E90-9556-B6206EC9805F}.Ad-Hoc|iPhone.Build.0 = Ad-Hoc|iPhone
		{DBD42606-FE20-4E90-9556-B6206EC9805F}.AppStore|iPhone.ActiveCfg = AppStore|iPhone
		{DBD42606-FE20-4E90-9556-B6206EC9805F}.AppStore|iPhone.Build.0 = AppStore|iPhone
		{DBD42606-FE20-4E90-9556-B6206EC9805F}.Debug|Any CPU.ActiveCfg = Debug|iPhoneSimulator
		{DBD42606-FE20-4E90-9556-B6206EC9805F}.Debug|Any CPU.Build.0 = Debug|iPhoneSimulator
		{DBD42606-FE20-4E90-9556-B6206EC9805F}.Debug|iPhone.ActiveCfg = Debug|iPhone
		{DBD42606-FE20-4E90-9556-B6206EC9805F}.Debug|iPhone.Build.0 = Debug|iPhone
		{DBD42606-FE20-4E90-9556-B6206EC9805F}.Debug|iPhoneSimulator.ActiveCfg = Debug|iPhoneSimulator
		{DBD42606-FE20-4E90-9556-B6206EC9805F}.Debug|iPhoneSimulator.Build.0 = Debug|iPhoneSimulator
		{DBD42606-FE20-4E90-9556-B6206EC9805F}.Release|Any CPU.ActiveCfg = Release|iPhoneSimulator
		{DBD42606-FE20-4E90-9556-B6206EC9805F}.Release|Any CPU.Build.0 = Release|iPhoneSimulator
		{DBD42606-FE20-4E90-9556-B6206EC9805F}.Release|iPhone.ActiveCfg = Release|iPhone
		{DBD42606-FE20-4E90-9556-B6206EC9805F}.Release|iPhone.Build.0 = Release|iPhone
		{DBD42606-FE20-4E90-9556-B6206EC9805F}.Release|iPhoneSimulator.ActiveCfg = Release|iPhoneSimulator
		{DBD42606-FE20-4E90-9556-B6206EC9805F}.Release|iPhoneSimulator.Build.0 = Release|iPhoneSimulator
	EndGlobalSection
EndGlobal
